
Microsoft Visual Studio Solution File, Format Version 12.00
# Visual Studio Version 17
VisualStudioVersion = 17.8.34330.188
MinimumVisualStudioVersion = 10.0.40219.1
Project("{9A19103F-16F7-4668-BE54-9A1E7A4F7556}") = "UserManagement.Domain", "UserManagement.Domain\UserManagement.Domain.csproj", "{425B8D8A-B2BE-4E6F-B52F-E900165F8C0D}"
EndProject
Project("{9A19103F-16F7-4668-BE54-9A1E7A4F7556}") = "UserManagement.Persistence", "UserManagement.Persistence\UserManagement.Persistence.csproj", "{E9828673-BA6C-4694-B227-43D729202A4A}"
EndProject
Project("{9A19103F-16F7-4668-BE54-9A1E7A4F7556}") = "UserManagement.Application", "UserManagement.Application\UserManagement.Application.csproj", "{4153579E-09FC-4B6B-8F70-B09C3F6D1222}"
EndProject
Project("{9A19103F-16F7-4668-BE54-9A1E7A4F7556}") = "UserManagement.API", "UserManagement.API\UserManagement.API.csproj", "{155EA984-A75B-46F5-BA1F-6E0B8F3D4CFB}"
EndProject
Project("{9A19103F-16F7-4668-BE54-9A1E7A4F7556}") = "UserManagement.Infrastructure", "UserManagement.Infrastructure\UserManagement.Infrastructure.csproj", "{039AFE79-6DEF-4F49-B83B-80BC04CF9258}"
EndProject
Project("{E53339B2-1760-4266-BCC7-CA923CBCF16C}") = "docker-compose", "docker-compose.dcproj", "{BC459664-9AE7-4BE5-8A45-A93E14569430}"
EndProject
Project("{2150E333-8FDC-42A3-9474-1A3956D46DE8}") = "src", "src", "{AB001787-B496-4E41-9673-3C0A204D34F6}"
EndProject
Project("{2150E333-8FDC-42A3-9474-1A3956D46DE8}") = "tests", "tests", "{730746C5-A2C2-4E5A-AFF8-9E807ABB87C6}"
EndProject
Project("{FAE04EC0-301F-11D3-BF4B-00C04F79EFBC}") = "UserManagement.Application.UnitTests", "UserManagement.Application.UnitTests\UserManagement.Application.UnitTests.csproj", "{5EE27594-86A9-4417-B02C-796BFC1D9DBA}"
EndProject
Global
	GlobalSection(SolutionConfigurationPlatforms) = preSolution
		Debug|Any CPU = Debug|Any CPU
		Release|Any CPU = Release|Any CPU
	EndGlobalSection
	GlobalSection(ProjectConfigurationPlatforms) = postSolution
		{425B8D8A-B2BE-4E6F-B52F-E900165F8C0D}.Debug|Any CPU.ActiveCfg = Debug|Any CPU
		{425B8D8A-B2BE-4E6F-B52F-E900165F8C0D}.Debug|Any CPU.Build.0 = Debug|Any CPU
		{425B8D8A-B2BE-4E6F-B52F-E900165F8C0D}.Release|Any CPU.ActiveCfg = Release|Any CPU
		{425B8D8A-B2BE-4E6F-B52F-E900165F8C0D}.Release|Any CPU.Build.0 = Release|Any CPU
		{E9828673-BA6C-4694-B227-43D729202A4A}.Debug|Any CPU.ActiveCfg = Debug|Any CPU
		{E9828673-BA6C-4694-B227-43D729202A4A}.Debug|Any CPU.Build.0 = Debug|Any CPU
		{E9828673-BA6C-4694-B227-43D729202A4A}.Release|Any CPU.ActiveCfg = Release|Any CPU
		{E9828673-BA6C-4694-B227-43D729202A4A}.Release|Any CPU.Build.0 = Release|Any CPU
		{4153579E-09FC-4B6B-8F70-B09C3F6D1222}.Debug|Any CPU.ActiveCfg = Debug|Any CPU
		{4153579E-09FC-4B6B-8F70-B09C3F6D1222}.Debug|Any CPU.Build.0 = Debug|Any CPU
		{4153579E-09FC-4B6B-8F70-B09C3F6D1222}.Release|Any CPU.ActiveCfg = Release|Any CPU
		{4153579E-09FC-4B6B-8F70-B09C3F6D1222}.Release|Any CPU.Build.0 = Release|Any CPU
		{155EA984-A75B-46F5-BA1F-6E0B8F3D4CFB}.Debug|Any CPU.ActiveCfg = Debug|Any CPU
		{155EA984-A75B-46F5-BA1F-6E0B8F3D4CFB}.Debug|Any CPU.Build.0 = Debug|Any CPU
		{155EA984-A75B-46F5-BA1F-6E0B8F3D4CFB}.Release|Any CPU.ActiveCfg = Release|Any CPU
		{155EA984-A75B-46F5-BA1F-6E0B8F3D4CFB}.Release|Any CPU.Build.0 = Release|Any CPU
		{039AFE79-6DEF-4F49-B83B-80BC04CF9258}.Debug|Any CPU.ActiveCfg = Debug|Any CPU
		{039AFE79-6DEF-4F49-B83B-80BC04CF9258}.Debug|Any CPU.Build.0 = Debug|Any CPU
		{039AFE79-6DEF-4F49-B83B-80BC04CF9258}.Release|Any CPU.ActiveCfg = Release|Any CPU
		{039AFE79-6DEF-4F49-B83B-80BC04CF9258}.Release|Any CPU.Build.0 = Release|Any CPU
		{BC459664-9AE7-4BE5-8A45-A93E14569430}.Debug|Any CPU.ActiveCfg = Debug|Any CPU
		{BC459664-9AE7-4BE5-8A45-A93E14569430}.Debug|Any CPU.Build.0 = Debug|Any CPU
		{BC459664-9AE7-4BE5-8A45-A93E14569430}.Release|Any CPU.ActiveCfg = Release|Any CPU
		{BC459664-9AE7-4BE5-8A45-A93E14569430}.Release|Any CPU.Build.0 = Release|Any CPU
		{5EE27594-86A9-4417-B02C-796BFC1D9DBA}.Debug|Any CPU.ActiveCfg = Debug|Any CPU
		{5EE27594-86A9-4417-B02C-796BFC1D9DBA}.Debug|Any CPU.Build.0 = Debug|Any CPU
		{5EE27594-86A9-4417-B02C-796BFC1D9DBA}.Release|Any CPU.ActiveCfg = Release|Any CPU
		{5EE27594-86A9-4417-B02C-796BFC1D9DBA}.Release|Any CPU.Build.0 = Release|Any CPU
	EndGlobalSection
	GlobalSection(SolutionProperties) = preSolution
		HideSolutionNode = FALSE
	EndGlobalSection
	GlobalSection(NestedProjects) = preSolution
		{425B8D8A-B2BE-4E6F-B52F-E900165F8C0D} = {AB001787-B496-4E41-9673-3C0A204D34F6}
		{E9828673-BA6C-4694-B227-43D729202A4A} = {AB001787-B496-4E41-9673-3C0A204D34F6}
		{4153579E-09FC-4B6B-8F70-B09C3F6D1222} = {AB001787-B496-4E41-9673-3C0A204D34F6}
		{155EA984-A75B-46F5-BA1F-6E0B8F3D4CFB} = {AB001787-B496-4E41-9673-3C0A204D34F6}
		{039AFE79-6DEF-4F49-B83B-80BC04CF9258} = {AB001787-B496-4E41-9673-3C0A204D34F6}
		{BC459664-9AE7-4BE5-8A45-A93E14569430} = {AB001787-B496-4E41-9673-3C0A204D34F6}
		{5EE27594-86A9-4417-B02C-796BFC1D9DBA} = {730746C5-A2C2-4E5A-AFF8-9E807ABB87C6}
	EndGlobalSection
	GlobalSection(ExtensibilityGlobals) = postSolution
		SolutionGuid = {6A002BF8-20E6-4B28-93C7-C0AD7C0975D8}
	EndGlobalSection
EndGlobal
